
Microsoft Visual Studio Solution File, Format Version 12.00
# Visual Studio Version 16
VisualStudioVersion = 16.0.31112.23
MinimumVisualStudioVersion = 10.0.40219.1
Project("{FAE04EC0-301F-11D3-BF4B-00C04F79EFBC}") = "ExMqttClient", "ExMqttClient\ExMqttClient.csproj", "{92959133-CACE-40C2-B2F5-34DCF0A24E3F}"
EndProject
Global
	GlobalSection(SolutionConfigurationPlatforms) = preSolution
		Debug|Any CPU = Debug|Any CPU
		Release|Any CPU = Release|Any CPU
	EndGlobalSection
	GlobalSection(ProjectConfigurationPlatforms) = postSolution
		{92959133-CACE-40C2-B2F5-34DCF0A24E3F}.Debug|Any CPU.ActiveCfg = Debug|Any CPU
		{92959133-CACE-40C2-B2F5-34DCF0A24E3F}.Debug|Any CPU.Build.0 = Debug|Any CPU
		{92959133-CACE-40C2-B2F5-34DCF0A24E3F}.Release|Any CPU.ActiveCfg = Release|Any CPU
		{92959133-CACE-40C2-B2F5-34DCF0A24E3F}.Release|Any CPU.Build.0 = Release|Any CPU
	EndGlobalSection
	GlobalSection(SolutionProperties) = preSolution
		HideSolutionNode = FALSE
	EndGlobalSection
	GlobalSection(ExtensibilityGlobals) = postSolution
		SolutionGuid = {1A2CEF45-5D7B-4C3D-8841-11DD6BC2EEC9}
	EndGlobalSection
EndGlobal
